// !$*UTF8*$!
{
	archiveVersion = 1;
	classes = {
	};
	objectVersion = 46;
	objects = {

/* Begin PBXBuildFile section */
		271801DC1956D1CC0003BA26 /* CoreBluetooth.framework in Frameworks */ = {isa = PBXBuildFile; fileRef = 271801DB1956D1CC0003BA26 /* CoreBluetooth.framework */; };
		271801DE1956D1D30003BA26 /* CoreLocation.framework in Frameworks */ = {isa = PBXBuildFile; fileRef = 271801DD1956D1D30003BA26 /* CoreLocation.framework */; };
		273322471956B27D00C26A3B /* Foundation.framework in Frameworks */ = {isa = PBXBuildFile; fileRef = 273322461956B27D00C26A3B /* Foundation.framework */; };
		273322491956B27D00C26A3B /* CoreGraphics.framework in Frameworks */ = {isa = PBXBuildFile; fileRef = 273322481956B27D00C26A3B /* CoreGraphics.framework */; };
		2733224B1956B27D00C26A3B /* UIKit.framework in Frameworks */ = {isa = PBXBuildFile; fileRef = 2733224A1956B27D00C26A3B /* UIKit.framework */; };
		2733224D1956B27D00C26A3B /* CoreData.framework in Frameworks */ = {isa = PBXBuildFile; fileRef = 2733224C1956B27D00C26A3B /* CoreData.framework */; };
		273322531956B27D00C26A3B /* InfoPlist.strings in Resources */ = {isa = PBXBuildFile; fileRef = 273322511956B27D00C26A3B /* InfoPlist.strings */; };
		273322551956B27D00C26A3B /* main.m in Sources */ = {isa = PBXBuildFile; fileRef = 273322541956B27D00C26A3B /* main.m */; };
		273322591956B27D00C26A3B /* AppDelegate.m in Sources */ = {isa = PBXBuildFile; fileRef = 273322581956B27D00C26A3B /* AppDelegate.m */; };
		2733225C1956B27D00C26A3B /* Beaconator.xcdatamodeld in Sources */ = {isa = PBXBuildFile; fileRef = 2733225A1956B27D00C26A3B /* Beaconator.xcdatamodeld */; };
		2733225E1956B27D00C26A3B /* Images.xcassets in Resources */ = {isa = PBXBuildFile; fileRef = 2733225D1956B27D00C26A3B /* Images.xcassets */; };
		273322651956B27D00C26A3B /* XCTest.framework in Frameworks */ = {isa = PBXBuildFile; fileRef = 273322641956B27D00C26A3B /* XCTest.framework */; };
		273322661956B27D00C26A3B /* Foundation.framework in Frameworks */ = {isa = PBXBuildFile; fileRef = 273322461956B27D00C26A3B /* Foundation.framework */; };
		273322671956B27D00C26A3B /* UIKit.framework in Frameworks */ = {isa = PBXBuildFile; fileRef = 2733224A1956B27D00C26A3B /* UIKit.framework */; };
		273322681956B27D00C26A3B /* CoreData.framework in Frameworks */ = {isa = PBXBuildFile; fileRef = 2733224C1956B27D00C26A3B /* CoreData.framework */; };
		273322701956B27D00C26A3B /* InfoPlist.strings in Resources */ = {isa = PBXBuildFile; fileRef = 2733226E1956B27D00C26A3B /* InfoPlist.strings */; };
		273322721956B27D00C26A3B /* RoveBeaconTests.m in Sources */ = {isa = PBXBuildFile; fileRef = 273322711956B27D00C26A3B /* RoveBeaconTests.m */; };
		2733227C1956B28E00C26A3B /* MainStoryboard.storyboard in Resources */ = {isa = PBXBuildFile; fileRef = 2733227B1956B28E00C26A3B /* MainStoryboard.storyboard */; };
		2733227F1956B2A400C26A3B /* MainViewController.m in Sources */ = {isa = PBXBuildFile; fileRef = 2733227E1956B2A400C26A3B /* MainViewController.m */; };
/* End PBXBuildFile section */

/* Begin PBXContainerItemProxy section */
		273322691956B27D00C26A3B /* PBXContainerItemProxy */ = {
			isa = PBXContainerItemProxy;
			containerPortal = 2733223B1956B27D00C26A3B /* Project object */;
			proxyType = 1;
			remoteGlobalIDString = 273322421956B27D00C26A3B;
			remoteInfo = RoveBeacon;
		};
/* End PBXContainerItemProxy section */

/* Begin PBXFileReference section */
		271801DB1956D1CC0003BA26 /* CoreBluetooth.framework */ = {isa = PBXFileReference; lastKnownFileType = wrapper.framework; name = CoreBluetooth.framework; path = System/Library/Frameworks/CoreBluetooth.framework; sourceTree = SDKROOT; };
		271801DD1956D1D30003BA26 /* CoreLocation.framework */ = {isa = PBXFileReference; lastKnownFileType = wrapper.framework; name = CoreLocation.framework; path = System/Library/Frameworks/CoreLocation.framework; sourceTree = SDKROOT; };
		273322431956B27D00C26A3B /* Beaconator.app */ = {isa = PBXFileReference; explicitFileType = wrapper.application; includeInIndex = 0; path = Beaconator.app; sourceTree = BUILT_PRODUCTS_DIR; };
		273322461956B27D00C26A3B /* Foundation.framework */ = {isa = PBXFileReference; lastKnownFileType = wrapper.framework; name = Foundation.framework; path = System/Library/Frameworks/Foundation.framework; sourceTree = SDKROOT; };
		273322481956B27D00C26A3B /* CoreGraphics.framework */ = {isa = PBXFileReference; lastKnownFileType = wrapper.framework; name = CoreGraphics.framework; path = System/Library/Frameworks/CoreGraphics.framework; sourceTree = SDKROOT; };
		2733224A1956B27D00C26A3B /* UIKit.framework */ = {isa = PBXFileReference; lastKnownFileType = wrapper.framework; name = UIKit.framework; path = System/Library/Frameworks/UIKit.framework; sourceTree = SDKROOT; };
		2733224C1956B27D00C26A3B /* CoreData.framework */ = {isa = PBXFileReference; lastKnownFileType = wrapper.framework; name = CoreData.framework; path = System/Library/Frameworks/CoreData.framework; sourceTree = SDKROOT; };
		273322501956B27D00C26A3B /* Beaconator-Info.plist */ = {isa = PBXFileReference; lastKnownFileType = text.plist.xml; path = "Beaconator-Info.plist"; sourceTree = "<group>"; };
		273322521956B27D00C26A3B /* en */ = {isa = PBXFileReference; lastKnownFileType = text.plist.strings; name = en; path = en.lproj/InfoPlist.strings; sourceTree = "<group>"; };
		273322541956B27D00C26A3B /* main.m */ = {isa = PBXFileReference; lastKnownFileType = sourcecode.c.objc; path = main.m; sourceTree = "<group>"; };
		273322561956B27D00C26A3B /* Beaconator-Prefix.pch */ = {isa = PBXFileReference; lastKnownFileType = sourcecode.c.h; path = "Beaconator-Prefix.pch"; sourceTree = "<group>"; };
		273322571956B27D00C26A3B /* AppDelegate.h */ = {isa = PBXFileReference; lastKnownFileType = sourcecode.c.h; path = AppDelegate.h; sourceTree = "<group>"; };
		273322581956B27D00C26A3B /* AppDelegate.m */ = {isa = PBXFileReference; lastKnownFileType = sourcecode.c.objc; path = AppDelegate.m; sourceTree = "<group>"; };
		2733225B1956B27D00C26A3B /* Beaconator.xcdatamodel */ = {isa = PBXFileReference; lastKnownFileType = wrapper.xcdatamodel; path = Beaconator.xcdatamodel; sourceTree = "<group>"; };
		2733225D1956B27D00C26A3B /* Images.xcassets */ = {isa = PBXFileReference; lastKnownFileType = folder.assetcatalog; path = Images.xcassets; sourceTree = "<group>"; };
		273322631956B27D00C26A3B /* BeaconatorTests.xctest */ = {isa = PBXFileReference; explicitFileType = wrapper.cfbundle; includeInIndex = 0; path = BeaconatorTests.xctest; sourceTree = BUILT_PRODUCTS_DIR; };
		273322641956B27D00C26A3B /* XCTest.framework */ = {isa = PBXFileReference; lastKnownFileType = wrapper.framework; name = XCTest.framework; path = Library/Frameworks/XCTest.framework; sourceTree = DEVELOPER_DIR; };
		2733226D1956B27D00C26A3B /* BeaconatorTests-Info.plist */ = {isa = PBXFileReference; lastKnownFileType = text.plist.xml; path = "BeaconatorTests-Info.plist"; sourceTree = "<group>"; };
		2733226F1956B27D00C26A3B /* en */ = {isa = PBXFileReference; lastKnownFileType = text.plist.strings; name = en; path = en.lproj/InfoPlist.strings; sourceTree = "<group>"; };
		273322711956B27D00C26A3B /* RoveBeaconTests.m */ = {isa = PBXFileReference; lastKnownFileType = sourcecode.c.objc; path = RoveBeaconTests.m; sourceTree = "<group>"; };
		2733227B1956B28E00C26A3B /* MainStoryboard.storyboard */ = {isa = PBXFileReference; fileEncoding = 4; lastKnownFileType = file.storyboard; path = MainStoryboard.storyboard; sourceTree = "<group>"; };
		2733227D1956B2A400C26A3B /* MainViewController.h */ = {isa = PBXFileReference; fileEncoding = 4; lastKnownFileType = sourcecode.c.h; path = MainViewController.h; sourceTree = "<group>"; };
		2733227E1956B2A400C26A3B /* MainViewController.m */ = {isa = PBXFileReference; fileEncoding = 4; lastKnownFileType = sourcecode.c.objc; path = MainViewController.m; sourceTree = "<group>"; };
/* End PBXFileReference section */

/* Begin PBXFrameworksBuildPhase section */
		273322401956B27D00C26A3B /* Frameworks */ = {
			isa = PBXFrameworksBuildPhase;
			buildActionMask = 2147483647;
			files = (
				271801DE1956D1D30003BA26 /* CoreLocation.framework in Frameworks */,
				271801DC1956D1CC0003BA26 /* CoreBluetooth.framework in Frameworks */,
				273322491956B27D00C26A3B /* CoreGraphics.framework in Frameworks */,
				2733224D1956B27D00C26A3B /* CoreData.framework in Frameworks */,
				2733224B1956B27D00C26A3B /* UIKit.framework in Frameworks */,
				273322471956B27D00C26A3B /* Foundation.framework in Frameworks */,
			);
			runOnlyForDeploymentPostprocessing = 0;
		};
		273322601956B27D00C26A3B /* Frameworks */ = {
			isa = PBXFrameworksBuildPhase;
			buildActionMask = 2147483647;
			files = (
				273322651956B27D00C26A3B /* XCTest.framework in Frameworks */,
				273322681956B27D00C26A3B /* CoreData.framework in Frameworks */,
				273322671956B27D00C26A3B /* UIKit.framework in Frameworks */,
				273322661956B27D00C26A3B /* Foundation.framework in Frameworks */,
			);
			runOnlyForDeploymentPostprocessing = 0;
		};
/* End PBXFrameworksBuildPhase section */

/* Begin PBXGroup section */
		2733223A1956B27D00C26A3B = {
			isa = PBXGroup;
			children = (
				2733227B1956B28E00C26A3B /* MainStoryboard.storyboard */,
				2733224E1956B27D00C26A3B /* Beaconator */,
				2733226B1956B27D00C26A3B /* BeaconatorTests */,
				273322451956B27D00C26A3B /* Frameworks */,
				273322441956B27D00C26A3B /* Products */,
			);
			sourceTree = "<group>";
		};
		273322441956B27D00C26A3B /* Products */ = {
			isa = PBXGroup;
			children = (
				273322431956B27D00C26A3B /* Beaconator.app */,
				273322631956B27D00C26A3B /* BeaconatorTests.xctest */,
			);
			name = Products;
			sourceTree = "<group>";
		};
		273322451956B27D00C26A3B /* Frameworks */ = {
			isa = PBXGroup;
			children = (
				271801DD1956D1D30003BA26 /* CoreLocation.framework */,
				271801DB1956D1CC0003BA26 /* CoreBluetooth.framework */,
				273322461956B27D00C26A3B /* Foundation.framework */,
				273322481956B27D00C26A3B /* CoreGraphics.framework */,
				2733224A1956B27D00C26A3B /* UIKit.framework */,
				2733224C1956B27D00C26A3B /* CoreData.framework */,
				273322641956B27D00C26A3B /* XCTest.framework */,
			);
			name = Frameworks;
			sourceTree = "<group>";
		};
		2733224E1956B27D00C26A3B /* Beaconator */ = {
			isa = PBXGroup;
			children = (
				273322571956B27D00C26A3B /* AppDelegate.h */,
				273322581956B27D00C26A3B /* AppDelegate.m */,
				2733225D1956B27D00C26A3B /* Images.xcassets */,
				2733225A1956B27D00C26A3B /* Beaconator.xcdatamodeld */,
				2733224F1956B27D00C26A3B /* Supporting Files */,
				2733227D1956B2A400C26A3B /* MainViewController.h */,
				2733227E1956B2A400C26A3B /* MainViewController.m */,
			);
			path = Beaconator;
			sourceTree = "<group>";
		};
		2733224F1956B27D00C26A3B /* Supporting Files */ = {
			isa = PBXGroup;
			children = (
				273322501956B27D00C26A3B /* Beaconator-Info.plist */,
				273322511956B27D00C26A3B /* InfoPlist.strings */,
				273322541956B27D00C26A3B /* main.m */,
				273322561956B27D00C26A3B /* Beaconator-Prefix.pch */,
			);
			name = "Supporting Files";
			sourceTree = "<group>";
		};
		2733226B1956B27D00C26A3B /* BeaconatorTests */ = {
			isa = PBXGroup;
			children = (
				273322711956B27D00C26A3B /* RoveBeaconTests.m */,
				2733226C1956B27D00C26A3B /* Supporting Files */,
			);
			path = BeaconatorTests;
			sourceTree = "<group>";
		};
		2733226C1956B27D00C26A3B /* Supporting Files */ = {
			isa = PBXGroup;
			children = (
				2733226D1956B27D00C26A3B /* BeaconatorTests-Info.plist */,
				2733226E1956B27D00C26A3B /* InfoPlist.strings */,
			);
			name = "Supporting Files";
			sourceTree = "<group>";
		};
/* End PBXGroup section */

/* Begin PBXNativeTarget section */
		273322421956B27D00C26A3B /* Beaconator */ = {
			isa = PBXNativeTarget;
			buildConfigurationList = 273322751956B27D00C26A3B /* Build configuration list for PBXNativeTarget "Beaconator" */;
			buildPhases = (
				2733223F1956B27D00C26A3B /* Sources */,
				273322401956B27D00C26A3B /* Frameworks */,
				273322411956B27D00C26A3B /* Resources */,
			);
			buildRules = (
			);
			dependencies = (
			);
			name = Beaconator;
			productName = RoveBeacon;
			productReference = 273322431956B27D00C26A3B /* Beaconator.app */;
			productType = "com.apple.product-type.application";
		};
		273322621956B27D00C26A3B /* BeaconatorTests */ = {
			isa = PBXNativeTarget;
			buildConfigurationList = 273322781956B27D00C26A3B /* Build configuration list for PBXNativeTarget "BeaconatorTests" */;
			buildPhases = (
				2733225F1956B27D00C26A3B /* Sources */,
				273322601956B27D00C26A3B /* Frameworks */,
				273322611956B27D00C26A3B /* Resources */,
			);
			buildRules = (
			);
			dependencies = (
				2733226A1956B27D00C26A3B /* PBXTargetDependency */,
			);
			name = BeaconatorTests;
			productName = RoveBeaconTests;
			productReference = 273322631956B27D00C26A3B /* BeaconatorTests.xctest */;
			productType = "com.apple.product-type.bundle.unit-test";
		};
/* End PBXNativeTarget section */

/* Begin PBXProject section */
		2733223B1956B27D00C26A3B /* Project object */ = {
			isa = PBXProject;
			attributes = {
				LastUpgradeCheck = 0510;
				ORGANIZATIONNAME = Rove;
				TargetAttributes = {
					273322621956B27D00C26A3B = {
						TestTargetID = 273322421956B27D00C26A3B;
					};
				};
			};
			buildConfigurationList = 2733223E1956B27D00C26A3B /* Build configuration list for PBXProject "Beaconator" */;
			compatibilityVersion = "Xcode 3.2";
			developmentRegion = English;
			hasScannedForEncodings = 0;
			knownRegions = (
				en,
			);
			mainGroup = 2733223A1956B27D00C26A3B;
			productRefGroup = 273322441956B27D00C26A3B /* Products */;
			projectDirPath = "";
			projectRoot = "";
			targets = (
				273322421956B27D00C26A3B /* Beaconator */,
				273322621956B27D00C26A3B /* BeaconatorTests */,
			);
		};
/* End PBXProject section */

/* Begin PBXResourcesBuildPhase section */
		273322411956B27D00C26A3B /* Resources */ = {
			isa = PBXResourcesBuildPhase;
			buildActionMask = 2147483647;
			files = (
				2733227C1956B28E00C26A3B /* MainStoryboard.storyboard in Resources */,
				273322531956B27D00C26A3B /* InfoPlist.strings in Resources */,
				2733225E1956B27D00C26A3B /* Images.xcassets in Resources */,
			);
			runOnlyForDeploymentPostprocessing = 0;
		};
		273322611956B27D00C26A3B /* Resources */ = {
			isa = PBXResourcesBuildPhase;
			buildActionMask = 2147483647;
			files = (
				273322701956B27D00C26A3B /* InfoPlist.strings in Resources */,
			);
			runOnlyForDeploymentPostprocessing = 0;
		};
/* End PBXResourcesBuildPhase section */

/* Begin PBXSourcesBuildPhase section */
		2733223F1956B27D00C26A3B /* Sources */ = {
			isa = PBXSourcesBuildPhase;
			buildActionMask = 2147483647;
			files = (
				273322591956B27D00C26A3B /* AppDelegate.m in Sources */,
				273322551956B27D00C26A3B /* main.m in Sources */,
				2733225C1956B27D00C26A3B /* Beaconator.xcdatamodeld in Sources */,
				2733227F1956B2A400C26A3B /* MainViewController.m in Sources */,
			);
			runOnlyForDeploymentPostprocessing = 0;
		};
		2733225F1956B27D00C26A3B /* Sources */ = {
			isa = PBXSourcesBuildPhase;
			buildActionMask = 2147483647;
			files = (
				273322721956B27D00C26A3B /* RoveBeaconTests.m in Sources */,
			);
			runOnlyForDeploymentPostprocessing = 0;
		};
/* End PBXSourcesBuildPhase section */

/* Begin PBXTargetDependency section */
		2733226A1956B27D00C26A3B /* PBXTargetDependency */ = {
			isa = PBXTargetDependency;
			target = 273322421956B27D00C26A3B /* Beaconator */;
			targetProxy = 273322691956B27D00C26A3B /* PBXContainerItemProxy */;
		};
/* End PBXTargetDependency section */

/* Begin PBXVariantGroup section */
		273322511956B27D00C26A3B /* InfoPlist.strings */ = {
			isa = PBXVariantGroup;
			children = (
				273322521956B27D00C26A3B /* en */,
			);
			name = InfoPlist.strings;
			sourceTree = "<group>";
		};
		2733226E1956B27D00C26A3B /* InfoPlist.strings */ = {
			isa = PBXVariantGroup;
			children = (
				2733226F1956B27D00C26A3B /* en */,
			);
			name = InfoPlist.strings;
			sourceTree = "<group>";
		};
/* End PBXVariantGroup section */

/* Begin XCBuildConfiguration section */
		273322731956B27D00C26A3B /* Debug */ = {
			isa = XCBuildConfiguration;
			buildSettings = {
				ALWAYS_SEARCH_USER_PATHS = NO;
				CLANG_CXX_LANGUAGE_STANDARD = "gnu++0x";
				CLANG_CXX_LIBRARY = "libc++";
				CLANG_ENABLE_MODULES = YES;
				CLANG_ENABLE_OBJC_ARC = YES;
				CLANG_WARN_BOOL_CONVERSION = YES;
				CLANG_WARN_CONSTANT_CONVERSION = YES;
				CLANG_WARN_DIRECT_OBJC_ISA_USAGE = YES_ERROR;
				CLANG_WARN_EMPTY_BODY = YES;
				CLANG_WARN_ENUM_CONVERSION = YES;
				CLANG_WARN_INT_CONVERSION = YES;
				CLANG_WARN_OBJC_ROOT_CLASS = YES_ERROR;
				CLANG_WARN__DUPLICATE_METHOD_MATCH = YES;
				"CODE_SIGN_IDENTITY[sdk=iphoneos*]" = "iPhone Developer";
				COPY_PHASE_STRIP = NO;
				GCC_C_LANGUAGE_STANDARD = gnu99;
				GCC_DYNAMIC_NO_PIC = NO;
				GCC_OPTIMIZATION_LEVEL = 0;
				GCC_PREPROCESSOR_DEFINITIONS = (
					"DEBUG=1",
					"$(inherited)",
				);
				GCC_SYMBOLS_PRIVATE_EXTERN = NO;
				GCC_WARN_64_TO_32_BIT_CONVERSION = YES;
				GCC_WARN_ABOUT_RETURN_TYPE = YES_ERROR;
				GCC_WARN_UNDECLARED_SELECTOR = YES;
				GCC_WARN_UNINITIALIZED_AUTOS = YES_AGGRESSIVE;
				GCC_WARN_UNUSED_FUNCTION = YES;
				GCC_WARN_UNUSED_VARIABLE = YES;
				IPHONEOS_DEPLOYMENT_TARGET = 7.1;
				ONLY_ACTIVE_ARCH = YES;
				SDKROOT = iphoneos;
			};
			name = Debug;
		};
		273322741956B27D00C26A3B /* Release */ = {
			isa = XCBuildConfiguration;
			buildSettings = {
				ALWAYS_SEARCH_USER_PATHS = NO;
				CLANG_CXX_LANGUAGE_STANDARD = "gnu++0x";
				CLANG_CXX_LIBRARY = "libc++";
				CLANG_ENABLE_MODULES = YES;
				CLANG_ENABLE_OBJC_ARC = YES;
				CLANG_WARN_BOOL_CONVERSION = YES;
				CLANG_WARN_CONSTANT_CONVERSION = YES;
				CLANG_WARN_DIRECT_OBJC_ISA_USAGE = YES_ERROR;
				CLANG_WARN_EMPTY_BODY = YES;
				CLANG_WARN_ENUM_CONVERSION = YES;
				CLANG_WARN_INT_CONVERSION = YES;
				CLANG_WARN_OBJC_ROOT_CLASS = YES_ERROR;
				CLANG_WARN__DUPLICATE_METHOD_MATCH = YES;
				"CODE_SIGN_IDENTITY[sdk=iphoneos*]" = "iPhone Developer";
				COPY_PHASE_STRIP = YES;
				ENABLE_NS_ASSERTIONS = NO;
				GCC_C_LANGUAGE_STANDARD = gnu99;
				GCC_WARN_64_TO_32_BIT_CONVERSION = YES;
				GCC_WARN_ABOUT_RETURN_TYPE = YES_ERROR;
				GCC_WARN_UNDECLARED_SELECTOR = YES;
				GCC_WARN_UNINITIALIZED_AUTOS = YES_AGGRESSIVE;
				GCC_WARN_UNUSED_FUNCTION = YES;
				GCC_WARN_UNUSED_VARIABLE = YES;
				IPHONEOS_DEPLOYMENT_TARGET = 7.1;
				SDKROOT = iphoneos;
				VALIDATE_PRODUCT = YES;
			};
			name = Release;
		};
		273322761956B27D00C26A3B /* Debug */ = {
			isa = XCBuildConfiguration;
			buildSettings = {
				ASSETCATALOG_COMPILER_APPICON_NAME = AppIcon;
				ASSETCATALOG_COMPILER_LAUNCHIMAGE_NAME = LaunchImage;
				FRAMEWORK_SEARCH_PATHS = (
					"$(inherited)",
					"$(PROJECT_DIR)",
				);
				GCC_PRECOMPILE_PREFIX_HEADER = YES;
				GCC_PREFIX_HEADER = "Beaconator/Beaconator-Prefix.pch";
				INFOPLIST_FILE = "Beaconator/Beaconator-Info.plist";
				IPHONEOS_DEPLOYMENT_TARGET = 7.0;
				PRODUCT_NAME = Beaconator;
				TARGETED_DEVICE_FAMILY = 1;
				WRAPPER_EXTENSION = app;
			};
			name = Debug;
		};
		273322771956B27D00C26A3B /* Release */ = {
			isa = XCBuildConfiguration;
			buildSettings = {
				ASSETCATALOG_COMPILER_APPICON_NAME = AppIcon;
				ASSETCATALOG_COMPILER_LAUNCHIMAGE_NAME = LaunchImage;
				FRAMEWORK_SEARCH_PATHS = (
					"$(inherited)",
					"$(PROJECT_DIR)",
				);
				GCC_PRECOMPILE_PREFIX_HEADER = YES;
				GCC_PREFIX_HEADER = "Beaconator/Beaconator-Prefix.pch";
				INFOPLIST_FILE = "Beaconator/Beaconator-Info.plist";
				IPHONEOS_DEPLOYMENT_TARGET = 7.0;
				PRODUCT_NAME = Beaconator;
				TARGETED_DEVICE_FAMILY = 1;
				WRAPPER_EXTENSION = app;
			};
			name = Release;
		};
		273322791956B27D00C26A3B /* Debug */ = {
			isa = XCBuildConfiguration;
			buildSettings = {
				BUNDLE_LOADER = "$(BUILT_PRODUCTS_DIR)/RoveBeacon.app/RoveBeacon";
				FRAMEWORK_SEARCH_PATHS = (
					"$(SDKROOT)/Developer/Library/Frameworks",
					"$(inherited)",
					"$(DEVELOPER_FRAMEWORKS_DIR)",
				);
				GCC_PRECOMPILE_PREFIX_HEADER = YES;
				GCC_PREFIX_HEADER = "RoveBeacon/RoveBeacon-Prefix.pch";
				GCC_PREPROCESSOR_DEFINITIONS = (
					"DEBUG=1",
					"$(inherited)",
				);
				INFOPLIST_FILE = "RoveBeaconTests/BeaconatorTests-Info.plist";
				PRODUCT_NAME = BeaconatorTests;
				TEST_HOST = "$(BUNDLE_LOADER)";
				WRAPPER_EXTENSION = xctest;
			};
			name = Debug;
		};
		2733227A1956B27D00C26A3B /* Release */ = {
			isa = XCBuildConfiguration;
			buildSettings = {
				BUNDLE_LOADER = "$(BUILT_PRODUCTS_DIR)/RoveBeacon.app/RoveBeacon";
				FRAMEWORK_SEARCH_PATHS = (
					"$(SDKROOT)/Developer/Library/Frameworks",
					"$(inherited)",
					"$(DEVELOPER_FRAMEWORKS_DIR)",
				);
				GCC_PRECOMPILE_PREFIX_HEADER = YES;
				GCC_PREFIX_HEADER = "RoveBeacon/RoveBeacon-Prefix.pch";
				INFOPLIST_FILE = "RoveBeaconTests/BeaconatorTests-Info.plist";
				PRODUCT_NAME = BeaconatorTests;
				TEST_HOST = "$(BUNDLE_LOADER)";
				WRAPPER_EXTENSION = xctest;
			};
			name = Release;
		};
/* End XCBuildConfiguration section */

/* Begin XCConfigurationList section */
		2733223E1956B27D00C26A3B /* Build configuration list for PBXProject "Beaconator" */ = {
			isa = XCConfigurationList;
			buildConfigurations = (
				273322731956B27D00C26A3B /* Debug */,
				273322741956B27D00C26A3B /* Release */,
			);
			defaultConfigurationIsVisible = 0;
			defaultConfigurationName = Release;
		};
		273322751956B27D00C26A3B /* Build configuration list for PBXNativeTarget "Beaconator" */ = {
			isa = XCConfigurationList;
			buildConfigurations = (
				273322761956B27D00C26A3B /* Debug */,
				273322771956B27D00C26A3B /* Release */,
			);
			defaultConfigurationIsVisible = 0;
			defaultConfigurationName = Release;
		};
		273322781956B27D00C26A3B /* Build configuration list for PBXNativeTarget "BeaconatorTests" */ = {
			isa = XCConfigurationList;
			buildConfigurations = (
				273322791956B27D00C26A3B /* Debug */,
				2733227A1956B27D00C26A3B /* Release */,
			);
			defaultConfigurationIsVisible = 0;
			defaultConfigurationName = Release;
		};
/* End XCConfigurationList section */

/* Begin XCVersionGroup section */
		2733225A1956B27D00C26A3B /* Beaconator.xcdatamodeld */ = {
			isa = XCVersionGroup;
			children = (
				2733225B1956B27D00C26A3B /* Beaconator.xcdatamodel */,
			);
			currentVersion = 2733225B1956B27D00C26A3B /* Beaconator.xcdatamodel */;
			path = Beaconator.xcdatamodeld;
			sourceTree = "<group>";
			versionGroupType = wrapper.xcdatamodel;
		};
/* End XCVersionGroup section */
	};
	rootObject = 2733223B1956B27D00C26A3B /* Project object */;
}
